
Microsoft Visual Studio Solution File, Format Version 12.00
# Visual Studio Version 16
VisualStudioVersion = 16.0.30413.136
MinimumVisualStudioVersion = 10.0.40219.1
Project("{FAE04EC0-301F-11D3-BF4B-00C04F79EFBC}") = "UT4-1", "UT4-1\UT4-1.csproj", "{51B195E7-A881-4DBF-8361-ACC9444290C6}"
EndProject
Global
	GlobalSection(SolutionConfigurationPlatforms) = preSolution
		Debug|Any CPU = Debug|Any CPU
		Release|Any CPU = Release|Any CPU
	EndGlobalSection
	GlobalSection(ProjectConfigurationPlatforms) = postSolution
		{51B195E7-A881-4DBF-8361-ACC9444290C6}.Debug|Any CPU.ActiveCfg = Debug|Any CPU
		{51B195E7-A881-4DBF-8361-ACC9444290C6}.Debug|Any CPU.Build.0 = Debug|Any CPU
		{51B195E7-A881-4DBF-8361-ACC9444290C6}.Release|Any CPU.ActiveCfg = Release|Any CPU
		{51B195E7-A881-4DBF-8361-ACC9444290C6}.Release|Any CPU.Build.0 = Release|Any CPU
	EndGlobalSection
	GlobalSection(SolutionProperties) = preSolution
		HideSolutionNode = FALSE
	EndGlobalSection
	GlobalSection(ExtensibilityGlobals) = postSolution
		SolutionGuid = {546E3036-BB6C-40A6-8E26-18A082388D50}
	EndGlobalSection
EndGlobal
